
Microsoft Visual Studio Solution File, Format Version 12.00
# Visual Studio Version 17
VisualStudioVersion = 17.2.32630.192
MinimumVisualStudioVersion = 10.0.40219.1
Project("{FAE04EC0-301F-11D3-BF4B-00C04F79EFBC}") = "RailwaySampleApp", "RailwaySampleApp.csproj", "{F00B6815-631B-46DE-B463-4FEE102E954F}"
EndProject
Global
	GlobalSection(SolutionConfigurationPlatforms) = preSolution
		Debug|Any CPU = Debug|Any CPU
		Release|Any CPU = Release|Any CPU
	EndGlobalSection
	GlobalSection(ProjectConfigurationPlatforms) = postSolution
		{F00B6815-631B-46DE-B463-4FEE102E954F}.Debug|Any CPU.ActiveCfg = Debug|Any CPU
		{F00B6815-631B-46DE-B463-4FEE102E954F}.Debug|Any CPU.Build.0 = Debug|Any CPU
		{F00B6815-631B-46DE-B463-4FEE102E954F}.Release|Any CPU.ActiveCfg = Release|Any CPU
		{F00B6815-631B-46DE-B463-4FEE102E954F}.Release|Any CPU.Build.0 = Release|Any CPU
	EndGlobalSection
	GlobalSection(SolutionProperties) = preSolution
		HideSolutionNode = FALSE
	EndGlobalSection
	GlobalSection(ExtensibilityGlobals) = postSolution
		SolutionGuid = {BD5DA892-8AE5-4636-BCBC-0A845168E03A}
	EndGlobalSection
EndGlobal
